
Microsoft Visual Studio Solution File, Format Version 12.00
# Visual Studio 15
VisualStudioVersion = 15.0.28010.2050
MinimumVisualStudioVersion = 10.0.40219.1
Project("{FAE04EC0-301F-11D3-BF4B-00C04F79EFBC}") = "BaseProject.Android", "BaseProject\BaseProject.Android\BaseProject.Android.csproj", "{DE358C3E-6811-42A1-BABA-0041E876C379}"
EndProject
Project("{FAE04EC0-301F-11D3-BF4B-00C04F79EFBC}") = "BaseProject.iOS", "BaseProject\BaseProject.iOS\BaseProject.iOS.csproj", "{0CD5631D-FDC7-4ECA-BA22-7CB9CF41DDDB}"
EndProject
Project("{FAE04EC0-301F-11D3-BF4B-00C04F79EFBC}") = "BaseProject.UWP", "BaseProject\BaseProject.UWP\BaseProject.UWP.csproj", "{6C090F63-BBCB-4728-A07D-AF2F341145C4}"
EndProject
Project("{9A19103F-16F7-4668-BE54-9A1E7A4F7556}") = "BaseProject", "BaseProject\BaseProject\BaseProject.csproj", "{A426406D-9FBD-43A8-922D-BEBCFFB07BE1}"
EndProject
Global
	GlobalSection(SolutionConfigurationPlatforms) = preSolution
		Ad-Hoc|Any CPU = Ad-Hoc|Any CPU
		Ad-Hoc|ARM = Ad-Hoc|ARM
		Ad-Hoc|iPhone = Ad-Hoc|iPhone
		Ad-Hoc|iPhoneSimulator = Ad-Hoc|iPhoneSimulator
		Ad-Hoc|x64 = Ad-Hoc|x64
		Ad-Hoc|x86 = Ad-Hoc|x86
		AppStore|Any CPU = AppStore|Any CPU
		AppStore|ARM = AppStore|ARM
		AppStore|iPhone = AppStore|iPhone
		AppStore|iPhoneSimulator = AppStore|iPhoneSimulator
		AppStore|x64 = AppStore|x64
		AppStore|x86 = AppStore|x86
		Debug|Any CPU = Debug|Any CPU
		Debug|ARM = Debug|ARM
		Debug|iPhone = Debug|iPhone
		Debug|iPhoneSimulator = Debug|iPhoneSimulator
		Debug|x64 = Debug|x64
		Debug|x86 = Debug|x86
		Release|Any CPU = Release|Any CPU
		Release|ARM = Release|ARM
		Release|iPhone = Release|iPhone
		Release|iPhoneSimulator = Release|iPhoneSimulator
		Release|x64 = Release|x64
		Release|x86 = Release|x86
	EndGlobalSection
	GlobalSection(ProjectConfigurationPlatforms) = postSolution
		{DE358C3E-6811-42A1-BABA-0041E876C379}.Ad-Hoc|Any CPU.ActiveCfg = Release|Any CPU
		{DE358C3E-6811-42A1-BABA-0041E876C379}.Ad-Hoc|Any CPU.Build.0 = Release|Any CPU
		{DE358C3E-6811-42A1-BABA-0041E876C379}.Ad-Hoc|Any CPU.Deploy.0 = Release|Any CPU
		{DE358C3E-6811-42A1-BABA-0041E876C379}.Ad-Hoc|ARM.ActiveCfg = Release|Any CPU
		{DE358C3E-6811-42A1-BABA-0041E876C379}.Ad-Hoc|ARM.Build.0 = Release|Any CPU
		{DE358C3E-6811-42A1-BABA-0041E876C379}.Ad-Hoc|ARM.Deploy.0 = Release|Any CPU
		{DE358C3E-6811-42A1-BABA-0041E876C379}.Ad-Hoc|iPhone.ActiveCfg = Release|Any CPU
		{DE358C3E-6811-42A1-BABA-0041E876C379}.Ad-Hoc|iPhone.Build.0 = Release|Any CPU
		{DE358C3E-6811-42A1-BABA-0041E876C379}.Ad-Hoc|iPhone.Deploy.0 = Release|Any CPU
		{DE358C3E-6811-42A1-BABA-0041E876C379}.Ad-Hoc|iPhoneSimulator.ActiveCfg = Release|Any CPU
		{DE358C3E-6811-42A1-BABA-0041E876C379}.Ad-Hoc|iPhoneSimulator.Build.0 = Release|Any CPU
		{DE358C3E-6811-42A1-BABA-0041E876C379}.Ad-Hoc|iPhoneSimulator.Deploy.0 = Release|Any CPU
		{DE358C3E-6811-42A1-BABA-0041E876C379}.Ad-Hoc|x64.ActiveCfg = Release|Any CPU
		{DE358C3E-6811-42A1-BABA-0041E876C379}.Ad-Hoc|x64.Build.0 = Release|Any CPU
		{DE358C3E-6811-42A1-BABA-0041E876C379}.Ad-Hoc|x64.Deploy.0 = Release|Any CPU
		{DE358C3E-6811-42A1-BABA-0041E876C379}.Ad-Hoc|x86.ActiveCfg = Release|Any CPU
		{DE358C3E-6811-42A1-BABA-0041E876C379}.Ad-Hoc|x86.Build.0 = Release|Any CPU
		{DE358C3E-6811-42A1-BABA-0041E876C379}.Ad-Hoc|x86.Deploy.0 = Release|Any CPU
		{DE358C3E-6811-42A1-BABA-0041E876C379}.AppStore|Any CPU.ActiveCfg = Release|Any CPU
		{DE358C3E-6811-42A1-BABA-0041E876C379}.AppStore|Any CPU.Build.0 = Release|Any CPU
		{DE358C3E-6811-42A1-BABA-0041E876C379}.AppStore|Any CPU.Deploy.0 = Release|Any CPU
		{DE358C3E-6811-42A1-BABA-0041E876C379}.AppStore|ARM.ActiveCfg = Release|Any CPU
		{DE358C3E-6811-42A1-BABA-0041E876C379}.AppStore|ARM.Build.0 = Release|Any CPU
		{DE358C3E-6811-42A1-BABA-0041E876C379}.AppStore|ARM.Deploy.0 = Release|Any CPU
		{DE358C3E-6811-42A1-BABA-0041E876C379}.AppStore|iPhone.ActiveCfg = Release|Any CPU
		{DE358C3E-6811-42A1-BABA-0041E876C379}.AppStore|iPhone.Build.0 = Release|Any CPU
		{DE358C3E-6811-42A1-BABA-0041E876C379}.AppStore|iPhone.Deploy.0 = Release|Any CPU
		{DE358C3E-6811-42A1-BABA-0041E876C379}.AppStore|iPhoneSimulator.ActiveCfg = Release|Any CPU
		{DE358C3E-6811-42A1-BABA-0041E876C379}.AppStore|iPhoneSimulator.Build.0 = Release|Any CPU
		{DE358C3E-6811-42A1-BABA-0041E876C379}.AppStore|iPhoneSimulator.Deploy.0 = Release|Any CPU
		{DE358C3E-6811-42A1-BABA-0041E876C379}.AppStore|x64.ActiveCfg = Release|Any CPU
		{DE358C3E-6811-42A1-BABA-0041E876C379}.AppStore|x64.Build.0 = Release|Any CPU
		{DE358C3E-6811-42A1-BABA-0041E876C379}.AppStore|x64.Deploy.0 = Release|Any CPU
		{DE358C3E-6811-42A1-BABA-0041E876C379}.AppStore|x86.ActiveCfg = Release|Any CPU
		{DE358C3E-6811-42A1-BABA-0041E876C379}.AppStore|x86.Build.0 = Release|Any CPU
		{DE358C3E-6811-42A1-BABA-0041E876C379}.AppStore|x86.Deploy.0 = Release|Any CPU
		{DE358C3E-6811-42A1-BABA-0041E876C379}.Debug|Any CPU.ActiveCfg = Debug|Any CPU
		{DE358C3E-6811-42A1-BABA-0041E876C379}.Debug|Any CPU.Build.0 = Debug|Any CPU
		{DE358C3E-6811-42A1-BABA-0041E876C379}.Debug|Any CPU.Deploy.0 = Debug|Any CPU
		{DE358C3E-6811-42A1-BABA-0041E876C379}.Debug|ARM.ActiveCfg = Debug|Any CPU
		{DE358C3E-6811-42A1-BABA-0041E876C379}.Debug|ARM.Build.0 = Debug|Any CPU
		{DE358C3E-6811-42A1-BABA-0041E876C379}.Debug|ARM.Deploy.0 = Debug|Any CPU
		{DE358C3E-6811-42A1-BABA-0041E876C379}.Debug|iPhone.ActiveCfg = Debug|Any CPU
		{DE358C3E-6811-42A1-BABA-0041E876C379}.Debug|iPhone.Build.0 = Debug|Any CPU
		{DE358C3E-6811-42A1-BABA-0041E876C379}.Debug|iPhone.Deploy.0 = Debug|Any CPU
		{DE358C3E-6811-42A1-BABA-0041E876C379}.Debug|iPhoneSimulator.ActiveCfg = Debug|Any CPU
		{DE358C3E-6811-42A1-BABA-0041E876C379}.Debug|iPhoneSimulator.Build.0 = Debug|Any CPU
		{DE358C3E-6811-42A1-BABA-0041E876C379}.Debug|iPhoneSimulator.Deploy.0 = Debug|Any CPU
		{DE358C3E-6811-42A1-BABA-0041E876C379}.Debug|x64.ActiveCfg = Debug|Any CPU
		{DE358C3E-6811-42A1-BABA-0041E876C379}.Debug|x64.Build.0 = Debug|Any CPU
		{DE358C3E-6811-42A1-BABA-0041E876C379}.Debug|x64.Deploy.0 = Debug|Any CPU
		{DE358C3E-6811-42A1-BABA-0041E876C379}.Debug|x86.ActiveCfg = Debug|Any CPU
		{DE358C3E-6811-42A1-BABA-0041E876C379}.Debug|x86.Build.0 = Debug|Any CPU
		{DE358C3E-6811-42A1-BABA-0041E876C379}.Debug|x86.Deploy.0 = Debug|Any CPU
		{DE358C3E-6811-42A1-BABA-0041E876C379}.Release|Any CPU.ActiveCfg = Release|Any CPU
		{DE358C3E-6811-42A1-BABA-0041E876C379}.Release|Any CPU.Build.0 = Release|Any CPU
		{DE358C3E-6811-42A1-BABA-0041E876C379}.Release|Any CPU.Deploy.0 = Release|Any CPU
		{DE358C3E-6811-42A1-BABA-0041E876C379}.Release|ARM.ActiveCfg = Release|Any CPU
		{DE358C3E-6811-42A1-BABA-0041E876C379}.Release|ARM.Build.0 = Release|Any CPU
		{DE358C3E-6811-42A1-BABA-0041E876C379}.Release|ARM.Deploy.0 = Release|Any CPU
		{DE358C3E-6811-42A1-BABA-0041E876C379}.Release|iPhone.ActiveCfg = Release|Any CPU
		{DE358C3E-6811-42A1-BABA-0041E876C379}.Release|iPhone.Build.0 = Release|Any CPU
		{DE358C3E-6811-42A1-BABA-0041E876C379}.Release|iPhone.Deploy.0 = Release|Any CPU
		{DE358C3E-6811-42A1-BABA-0041E876C379}.Release|iPhoneSimulator.ActiveCfg = Release|Any CPU
		{DE358C3E-6811-42A1-BABA-0041E876C379}.Release|iPhoneSimulator.Build.0 = Release|Any CPU
		{DE358C3E-6811-42A1-BABA-0041E876C379}.Release|iPhoneSimulator.Deploy.0 = Release|Any CPU
		{DE358C3E-6811-42A1-BABA-0041E876C379}.Release|x64.ActiveCfg = Release|Any CPU
		{DE358C3E-6811-42A1-BABA-0041E876C379}.Release|x64.Build.0 = Release|Any CPU
		{DE358C3E-6811-42A1-BABA-0041E876C379}.Release|x64.Deploy.0 = Release|Any CPU
		{DE358C3E-6811-42A1-BABA-0041E876C379}.Release|x86.ActiveCfg = Release|Any CPU
		{DE358C3E-6811-42A1-BABA-0041E876C379}.Release|x86.Build.0 = Release|Any CPU
		{DE358C3E-6811-42A1-BABA-0041E876C379}.Release|x86.Deploy.0 = Release|Any CPU
		{0CD5631D-FDC7-4ECA-BA22-7CB9CF41DDDB}.Ad-Hoc|Any CPU.ActiveCfg = Ad-Hoc|iPhone
		{0CD5631D-FDC7-4ECA-BA22-7CB9CF41DDDB}.Ad-Hoc|Any CPU.Build.0 = Ad-Hoc|iPhone
		{0CD5631D-FDC7-4ECA-BA22-7CB9CF41DDDB}.Ad-Hoc|Any CPU.Deploy.0 = Ad-Hoc|iPhone
		{0CD5631D-FDC7-4ECA-BA22-7CB9CF41DDDB}.Ad-Hoc|ARM.ActiveCfg = Ad-Hoc|iPhone
		{0CD5631D-FDC7-4ECA-BA22-7CB9CF41DDDB}.Ad-Hoc|ARM.Build.0 = Ad-Hoc|iPhone
		{0CD5631D-FDC7-4ECA-BA22-7CB9CF41DDDB}.Ad-Hoc|ARM.Deploy.0 = Ad-Hoc|iPhone
		{0CD5631D-FDC7-4ECA-BA22-7CB9CF41DDDB}.Ad-Hoc|iPhone.ActiveCfg = Ad-Hoc|iPhone
		{0CD5631D-FDC7-4ECA-BA22-7CB9CF41DDDB}.Ad-Hoc|iPhone.Build.0 = Ad-Hoc|iPhone
		{0CD5631D-FDC7-4ECA-BA22-7CB9CF41DDDB}.Ad-Hoc|iPhone.Deploy.0 = Ad-Hoc|iPhone
		{0CD5631D-FDC7-4ECA-BA22-7CB9CF41DDDB}.Ad-Hoc|iPhoneSimulator.ActiveCfg = Ad-Hoc|iPhoneSimulator
		{0CD5631D-FDC7-4ECA-BA22-7CB9CF41DDDB}.Ad-Hoc|iPhoneSimulator.Build.0 = Ad-Hoc|iPhoneSimulator
		{0CD5631D-FDC7-4ECA-BA22-7CB9CF41DDDB}.Ad-Hoc|iPhoneSimulator.Deploy.0 = Ad-Hoc|iPhoneSimulator
		{0CD5631D-FDC7-4ECA-BA22-7CB9CF41DDDB}.Ad-Hoc|x64.ActiveCfg = Ad-Hoc|iPhone
		{0CD5631D-FDC7-4ECA-BA22-7CB9CF41DDDB}.Ad-Hoc|x64.Build.0 = Ad-Hoc|iPhone
		{0CD5631D-FDC7-4ECA-BA22-7CB9CF41DDDB}.Ad-Hoc|x64.Deploy.0 = Ad-Hoc|iPhone
		{0CD5631D-FDC7-4ECA-BA22-7CB9CF41DDDB}.Ad-Hoc|x86.ActiveCfg = Ad-Hoc|iPhone
		{0CD5631D-FDC7-4ECA-BA22-7CB9CF41DDDB}.Ad-Hoc|x86.Build.0 = Ad-Hoc|iPhone
		{0CD5631D-FDC7-4ECA-BA22-7CB9CF41DDDB}.Ad-Hoc|x86.Deploy.0 = Ad-Hoc|iPhone
		{0CD5631D-FDC7-4ECA-BA22-7CB9CF41DDDB}.AppStore|Any CPU.ActiveCfg = AppStore|iPhone
		{0CD5631D-FDC7-4ECA-BA22-7CB9CF41DDDB}.AppStore|Any CPU.Build.0 = AppStore|iPhone
		{0CD5631D-FDC7-4ECA-BA22-7CB9CF41DDDB}.AppStore|Any CPU.Deploy.0 = AppStore|iPhone
		{0CD5631D-FDC7-4ECA-BA22-7CB9CF41DDDB}.AppStore|ARM.ActiveCfg = AppStore|iPhone
		{0CD5631D-FDC7-4ECA-BA22-7CB9CF41DDDB}.AppStore|ARM.Build.0 = AppStore|iPhone
		{0CD5631D-FDC7-4ECA-BA22-7CB9CF41DDDB}.AppStore|ARM.Deploy.0 = AppStore|iPhone
		{0CD5631D-FDC7-4ECA-BA22-7CB9CF41DDDB}.AppStore|iPhone.ActiveCfg = AppStore|iPhone
		{0CD5631D-FDC7-4ECA-BA22-7CB9CF41DDDB}.AppStore|iPhone.Build.0 = AppStore|iPhone
		{0CD5631D-FDC7-4ECA-BA22-7CB9CF41DDDB}.AppStore|iPhone.Deploy.0 = AppStore|iPhone
		{0CD5631D-FDC7-4ECA-BA22-7CB9CF41DDDB}.AppStore|iPhoneSimulator.ActiveCfg = AppStore|iPhoneSimulator
		{0CD5631D-FDC7-4ECA-BA22-7CB9CF41DDDB}.AppStore|iPhoneSimulator.Build.0 = AppStore|iPhoneSimulator
		{0CD5631D-FDC7-4ECA-BA22-7CB9CF41DDDB}.AppStore|iPhoneSimulator.Deploy.0 = AppStore|iPhoneSimulator
		{0CD5631D-FDC7-4ECA-BA22-7CB9CF41DDDB}.AppStore|x64.ActiveCfg = AppStore|iPhone
		{0CD5631D-FDC7-4ECA-BA22-7CB9CF41DDDB}.AppStore|x64.Build.0 = AppStore|iPhone
		{0CD5631D-FDC7-4ECA-BA22-7CB9CF41DDDB}.AppStore|x64.Deploy.0 = AppStore|iPhone
		{0CD5631D-FDC7-4ECA-BA22-7CB9CF41DDDB}.AppStore|x86.ActiveCfg = AppStore|iPhone
		{0CD5631D-FDC7-4ECA-BA22-7CB9CF41DDDB}.AppStore|x86.Build.0 = AppStore|iPhone
		{0CD5631D-FDC7-4ECA-BA22-7CB9CF41DDDB}.AppStore|x86.Deploy.0 = AppStore|iPhone
		{0CD5631D-FDC7-4ECA-BA22-7CB9CF41DDDB}.Debug|Any CPU.ActiveCfg = Debug|iPhoneSimulator
		{0CD5631D-FDC7-4ECA-BA22-7CB9CF41DDDB}.Debug|Any CPU.Build.0 = Debug|iPhoneSimulator
		{0CD5631D-FDC7-4ECA-BA22-7CB9CF41DDDB}.Debug|Any CPU.Deploy.0 = Debug|iPhoneSimulator
		{0CD5631D-FDC7-4ECA-BA22-7CB9CF41DDDB}.Debug|ARM.ActiveCfg = Debug|iPhone
		{0CD5631D-FDC7-4ECA-BA22-7CB9CF41DDDB}.Debug|ARM.Build.0 = Debug|iPhone
		{0CD5631D-FDC7-4ECA-BA22-7CB9CF41DDDB}.Debug|ARM.Deploy.0 = Debug|iPhone
		{0CD5631D-FDC7-4ECA-BA22-7CB9CF41DDDB}.Debug|iPhone.ActiveCfg = Debug|iPhone
		{0CD5631D-FDC7-4ECA-BA22-7CB9CF41DDDB}.Debug|iPhone.Build.0 = Debug|iPhone
		{0CD5631D-FDC7-4ECA-BA22-7CB9CF41DDDB}.Debug|iPhone.Deploy.0 = Debug|iPhone
		{0CD5631D-FDC7-4ECA-BA22-7CB9CF41DDDB}.Debug|iPhoneSimulator.ActiveCfg = Debug|iPhoneSimulator
		{0CD5631D-FDC7-4ECA-BA22-7CB9CF41DDDB}.Debug|iPhoneSimulator.Build.0 = Debug|iPhoneSimulator
		{0CD5631D-FDC7-4ECA-BA22-7CB9CF41DDDB}.Debug|iPhoneSimulator.Deploy.0 = Debug|iPhoneSimulator
		{0CD5631D-FDC7-4ECA-BA22-7CB9CF41DDDB}.Debug|x64.ActiveCfg = Debug|iPhone
		{0CD5631D-FDC7-4ECA-BA22-7CB9CF41DDDB}.Debug|x64.Build.0 = Debug|iPhone
		{0CD5631D-FDC7-4ECA-BA22-7CB9CF41DDDB}.Debug|x64.Deploy.0 = Debug|iPhone
		{0CD5631D-FDC7-4ECA-BA22-7CB9CF41DDDB}.Debug|x86.ActiveCfg = Debug|iPhone
		{0CD5631D-FDC7-4ECA-BA22-7CB9CF41DDDB}.Debug|x86.Build.0 = Debug|iPhone
		{0CD5631D-FDC7-4ECA-BA22-7CB9CF41DDDB}.Debug|x86.Deploy.0 = Debug|iPhone
		{0CD5631D-FDC7-4ECA-BA22-7CB9CF41DDDB}.Release|Any CPU.ActiveCfg = Release|iPhone
		{0CD5631D-FDC7-4ECA-BA22-7CB9CF41DDDB}.Release|Any CPU.Build.0 = Release|iPhone
		{0CD5631D-FDC7-4ECA-BA22-7CB9CF41DDDB}.Release|Any CPU.Deploy.0 = Release|iPhone
		{0CD5631D-FDC7-4ECA-BA22-7CB9CF41DDDB}.Release|ARM.ActiveCfg = Release|iPhone
		{0CD5631D-FDC7-4ECA-BA22-7CB9CF41DDDB}.Release|ARM.Build.0 = Release|iPhone
		{0CD5631D-FDC7-4ECA-BA22-7CB9CF41DDDB}.Release|ARM.Deploy.0 = Release|iPhone
		{0CD5631D-FDC7-4ECA-BA22-7CB9CF41DDDB}.Release|iPhone.ActiveCfg = Release|iPhone
		{0CD5631D-FDC7-4ECA-BA22-7CB9CF41DDDB}.Release|iPhone.Build.0 = Release|iPhone
		{0CD5631D-FDC7-4ECA-BA22-7CB9CF41DDDB}.Release|iPhone.Deploy.0 = Release|iPhone
		{0CD5631D-FDC7-4ECA-BA22-7CB9CF41DDDB}.Release|iPhoneSimulator.ActiveCfg = Release|iPhoneSimulator
		{0CD5631D-FDC7-4ECA-BA22-7CB9CF41DDDB}.Release|iPhoneSimulator.Build.0 = Release|iPhoneSimulator
		{0CD5631D-FDC7-4ECA-BA22-7CB9CF41DDDB}.Release|iPhoneSimulator.Deploy.0 = Release|iPhoneSimulator
		{0CD5631D-FDC7-4ECA-BA22-7CB9CF41DDDB}.Release|x64.ActiveCfg = Release|iPhone
		{0CD5631D-FDC7-4ECA-BA22-7CB9CF41DDDB}.Release|x64.Build.0 = Release|iPhone
		{0CD5631D-FDC7-4ECA-BA22-7CB9CF41DDDB}.Release|x64.Deploy.0 = Release|iPhone
		{0CD5631D-FDC7-4ECA-BA22-7CB9CF41DDDB}.Release|x86.ActiveCfg = Release|iPhone
		{0CD5631D-FDC7-4ECA-BA22-7CB9CF41DDDB}.Release|x86.Build.0 = Release|iPhone
		{0CD5631D-FDC7-4ECA-BA22-7CB9CF41DDDB}.Release|x86.Deploy.0 = Release|iPhone
		{6C090F63-BBCB-4728-A07D-AF2F341145C4}.Ad-Hoc|Any CPU.ActiveCfg = Release|x86
		{6C090F63-BBCB-4728-A07D-AF2F341145C4}.Ad-Hoc|Any CPU.Build.0 = Release|x86
		{6C090F63-BBCB-4728-A07D-AF2F341145C4}.Ad-Hoc|Any CPU.Deploy.0 = Release|x86
		{6C090F63-BBCB-4728-A07D-AF2F341145C4}.Ad-Hoc|ARM.ActiveCfg = Release|ARM
		{6C090F63-BBCB-4728-A07D-AF2F341145C4}.Ad-Hoc|ARM.Build.0 = Release|ARM
		{6C090F63-BBCB-4728-A07D-AF2F341145C4}.Ad-Hoc|ARM.Deploy.0 = Release|ARM
		{6C090F63-BBCB-4728-A07D-AF2F341145C4}.Ad-Hoc|iPhone.ActiveCfg = Release|x86
		{6C090F63-BBCB-4728-A07D-AF2F341145C4}.Ad-Hoc|iPhone.Build.0 = Release|x86
		{6C090F63-BBCB-4728-A07D-AF2F341145C4}.Ad-Hoc|iPhone.Deploy.0 = Release|x86
		{6C090F63-BBCB-4728-A07D-AF2F341145C4}.Ad-Hoc|iPhoneSimulator.ActiveCfg = Release|x86
		{6C090F63-BBCB-4728-A07D-AF2F341145C4}.Ad-Hoc|iPhoneSimulator.Build.0 = Release|x86
		{6C090F63-BBCB-4728-A07D-AF2F341145C4}.Ad-Hoc|iPhoneSimulator.Deploy.0 = Release|x86
		{6C090F63-BBCB-4728-A07D-AF2F341145C4}.Ad-Hoc|x64.ActiveCfg = Release|x64
		{6C090F63-BBCB-4728-A07D-AF2F341145C4}.Ad-Hoc|x64.Build.0 = Release|x64
		{6C090F63-BBCB-4728-A07D-AF2F341145C4}.Ad-Hoc|x64.Deploy.0 = Release|x64
		{6C090F63-BBCB-4728-A07D-AF2F341145C4}.Ad-Hoc|x86.ActiveCfg = Release|x86
		{6C090F63-BBCB-4728-A07D-AF2F341145C4}.Ad-Hoc|x86.Build.0 = Release|x86
		{6C090F63-BBCB-4728-A07D-AF2F341145C4}.Ad-Hoc|x86.Deploy.0 = Release|x86
		{6C090F63-BBCB-4728-A07D-AF2F341145C4}.AppStore|Any CPU.ActiveCfg = Release|x86
		{6C090F63-BBCB-4728-A07D-AF2F341145C4}.AppStore|Any CPU.Build.0 = Release|x86
		{6C090F63-BBCB-4728-A07D-AF2F341145C4}.AppStore|Any CPU.Deploy.0 = Release|x86
		{6C090F63-BBCB-4728-A07D-AF2F341145C4}.AppStore|ARM.ActiveCfg = Release|ARM
		{6C090F63-BBCB-4728-A07D-AF2F341145C4}.AppStore|ARM.Build.0 = Release|ARM
		{6C090F63-BBCB-4728-A07D-AF2F341145C4}.AppStore|ARM.Deploy.0 = Release|ARM
		{6C090F63-BBCB-4728-A07D-AF2F341145C4}.AppStore|iPhone.ActiveCfg = Release|x86
		{6C090F63-BBCB-4728-A07D-AF2F341145C4}.AppStore|iPhone.Build.0 = Release|x86
		{6C090F63-BBCB-4728-A07D-AF2F341145C4}.AppStore|iPhone.Deploy.0 = Release|x86
		{6C090F63-BBCB-4728-A07D-AF2F341145C4}.AppStore|iPhoneSimulator.ActiveCfg = Release|x86
		{6C090F63-BBCB-4728-A07D-AF2F341145C4}.AppStore|iPhoneSimulator.Build.0 = Release|x86
		{6C090F63-BBCB-4728-A07D-AF2F341145C4}.AppStore|iPhoneSimulator.Deploy.0 = Release|x86
		{6C090F63-BBCB-4728-A07D-AF2F341145C4}.AppStore|x64.ActiveCfg = Release|x64
		{6C090F63-BBCB-4728-A07D-AF2F341145C4}.AppStore|x64.Build.0 = Release|x64
		{6C090F63-BBCB-4728-A07D-AF2F341145C4}.AppStore|x64.Deploy.0 = Release|x64
		{6C090F63-BBCB-4728-A07D-AF2F341145C4}.AppStore|x86.ActiveCfg = Release|x86
		{6C090F63-BBCB-4728-A07D-AF2F341145C4}.AppStore|x86.Build.0 = Release|x86
		{6C090F63-BBCB-4728-A07D-AF2F341145C4}.AppStore|x86.Deploy.0 = Release|x86
		{6C090F63-BBCB-4728-A07D-AF2F341145C4}.Debug|Any CPU.ActiveCfg = Debug|x86
		{6C090F63-BBCB-4728-A07D-AF2F341145C4}.Debug|Any CPU.Build.0 = Debug|x86
		{6C090F63-BBCB-4728-A07D-AF2F341145C4}.Debug|Any CPU.Deploy.0 = Debug|x86
		{6C090F63-BBCB-4728-A07D-AF2F341145C4}.Debug|ARM.ActiveCfg = Debug|ARM
		{6C090F63-BBCB-4728-A07D-AF2F341145C4}.Debug|ARM.Build.0 = Debug|ARM
		{6C090F63-BBCB-4728-A07D-AF2F341145C4}.Debug|ARM.Deploy.0 = Debug|ARM
		{6C090F63-BBCB-4728-A07D-AF2F341145C4}.Debug|iPhone.ActiveCfg = Debug|x86
		{6C090F63-BBCB-4728-A07D-AF2F341145C4}.Debug|iPhone.Build.0 = Debug|x86
		{6C090F63-BBCB-4728-A07D-AF2F341145C4}.Debug|iPhone.Deploy.0 = Debug|x86
		{6C090F63-BBCB-4728-A07D-AF2F341145C4}.Debug|iPhoneSimulator.ActiveCfg = Debug|x86
		{6C090F63-BBCB-4728-A07D-AF2F341145C4}.Debug|iPhoneSimulator.Build.0 = Debug|x86
		{6C090F63-BBCB-4728-A07D-AF2F341145C4}.Debug|iPhoneSimulator.Deploy.0 = Debug|x86
		{6C090F63-BBCB-4728-A07D-AF2F341145C4}.Debug|x64.ActiveCfg = Debug|x64
		{6C090F63-BBCB-4728-A07D-AF2F341145C4}.Debug|x64.Build.0 = Debug|x64
		{6C090F63-BBCB-4728-A07D-AF2F341145C4}.Debug|x64.Deploy.0 = Debug|x64
		{6C090F63-BBCB-4728-A07D-AF2F341145C4}.Debug|x86.ActiveCfg = Debug|x86
		{6C090F63-BBCB-4728-A07D-AF2F341145C4}.Debug|x86.Build.0 = Debug|x86
		{6C090F63-BBCB-4728-A07D-AF2F341145C4}.Debug|x86.Deploy.0 = Debug|x86
		{6C090F63-BBCB-4728-A07D-AF2F341145C4}.Release|Any CPU.ActiveCfg = Release|x86
		{6C090F63-BBCB-4728-A07D-AF2F341145C4}.Release|Any CPU.Build.0 = Release|x86
		{6C090F63-BBCB-4728-A07D-AF2F341145C4}.Release|Any CPU.Deploy.0 = Release|x86
		{6C090F63-BBCB-4728-A07D-AF2F341145C4}.Release|ARM.ActiveCfg = Release|ARM
		{6C090F63-BBCB-4728-A07D-AF2F341145C4}.Release|ARM.Build.0 = Release|ARM
		{6C090F63-BBCB-4728-A07D-AF2F341145C4}.Release|ARM.Deploy.0 = Release|ARM
		{6C090F63-BBCB-4728-A07D-AF2F341145C4}.Release|iPhone.ActiveCfg = Release|x86
		{6C090F63-BBCB-4728-A07D-AF2F341145C4}.Release|iPhone.Build.0 = Release|x86
		{6C090F63-BBCB-4728-A07D-AF2F341145C4}.Release|iPhone.Deploy.0 = Release|x86
		{6C090F63-BBCB-4728-A07D-AF2F341145C4}.Release|iPhoneSimulator.ActiveCfg = Release|x86
		{6C090F63-BBCB-4728-A07D-AF2F341145C4}.Release|iPhoneSimulator.Build.0 = Release|x86
		{6C090F63-BBCB-4728-A07D-AF2F341145C4}.Release|iPhoneSimulator.Deploy.0 = Release|x86
		{6C090F63-BBCB-4728-A07D-AF2F341145C4}.Release|x64.ActiveCfg = Release|x64
		{6C090F63-BBCB-4728-A07D-AF2F341145C4}.Release|x64.Build.0 = Release|x64
		{6C090F63-BBCB-4728-A07D-AF2F341145C4}.Release|x64.Deploy.0 = Release|x64
		{6C090F63-BBCB-4728-A07D-AF2F341145C4}.Release|x86.ActiveCfg = Release|x86
		{6C090F63-BBCB-4728-A07D-AF2F341145C4}.Release|x86.Build.0 = Release|x86
		{6C090F63-BBCB-4728-A07D-AF2F341145C4}.Release|x86.Deploy.0 = Release|x86
		{A426406D-9FBD-43A8-922D-BEBCFFB07BE1}.Ad-Hoc|Any CPU.ActiveCfg = Debug|Any CPU
		{A426406D-9FBD-43A8-922D-BEBCFFB07BE1}.Ad-Hoc|Any CPU.Build.0 = Debug|Any CPU
		{A426406D-9FBD-43A8-922D-BEBCFFB07BE1}.Ad-Hoc|Any CPU.Deploy.0 = Debug|Any CPU
		{A426406D-9FBD-43A8-922D-BEBCFFB07BE1}.Ad-Hoc|ARM.ActiveCfg = Debug|Any CPU
		{A426406D-9FBD-43A8-922D-BEBCFFB07BE1}.Ad-Hoc|ARM.Build.0 = Debug|Any CPU
		{A426406D-9FBD-43A8-922D-BEBCFFB07BE1}.Ad-Hoc|ARM.Deploy.0 = Debug|Any CPU
		{A426406D-9FBD-43A8-922D-BEBCFFB07BE1}.Ad-Hoc|iPhone.ActiveCfg = Debug|Any CPU
		{A426406D-9FBD-43A8-922D-BEBCFFB07BE1}.Ad-Hoc|iPhone.Build.0 = Debug|Any CPU
		{A426406D-9FBD-43A8-922D-BEBCFFB07BE1}.Ad-Hoc|iPhone.Deploy.0 = Debug|Any CPU
		{A426406D-9FBD-43A8-922D-BEBCFFB07BE1}.Ad-Hoc|iPhoneSimulator.ActiveCfg = Debug|Any CPU
		{A426406D-9FBD-43A8-922D-BEBCFFB07BE1}.Ad-Hoc|iPhoneSimulator.Build.0 = Debug|Any CPU
		{A426406D-9FBD-43A8-922D-BEBCFFB07BE1}.Ad-Hoc|iPhoneSimulator.Deploy.0 = Debug|Any CPU
		{A426406D-9FBD-43A8-922D-BEBCFFB07BE1}.Ad-Hoc|x64.ActiveCfg = Debug|Any CPU
		{A426406D-9FBD-43A8-922D-BEBCFFB07BE1}.Ad-Hoc|x64.Build.0 = Debug|Any CPU
		{A426406D-9FBD-43A8-922D-BEBCFFB07BE1}.Ad-Hoc|x64.Deploy.0 = Debug|Any CPU
		{A426406D-9FBD-43A8-922D-BEBCFFB07BE1}.Ad-Hoc|x86.ActiveCfg = Debug|Any CPU
		{A426406D-9FBD-43A8-922D-BEBCFFB07BE1}.Ad-Hoc|x86.Build.0 = Debug|Any CPU
		{A426406D-9FBD-43A8-922D-BEBCFFB07BE1}.Ad-Hoc|x86.Deploy.0 = Debug|Any CPU
		{A426406D-9FBD-43A8-922D-BEBCFFB07BE1}.AppStore|Any CPU.ActiveCfg = Debug|Any CPU
		{A426406D-9FBD-43A8-922D-BEBCFFB07BE1}.AppStore|Any CPU.Build.0 = Debug|Any CPU
		{A426406D-9FBD-43A8-922D-BEBCFFB07BE1}.AppStore|Any CPU.Deploy.0 = Debug|Any CPU
		{A426406D-9FBD-43A8-922D-BEBCFFB07BE1}.AppStore|ARM.ActiveCfg = Debug|Any CPU
		{A426406D-9FBD-43A8-922D-BEBCFFB07BE1}.AppStore|ARM.Build.0 = Debug|Any CPU
		{A426406D-9FBD-43A8-922D-BEBCFFB07BE1}.AppStore|ARM.Deploy.0 = Debug|Any CPU
		{A426406D-9FBD-43A8-922D-BEBCFFB07BE1}.AppStore|iPhone.ActiveCfg = Debug|Any CPU
		{A426406D-9FBD-43A8-922D-BEBCFFB07BE1}.AppStore|iPhone.Build.0 = Debug|Any CPU
		{A426406D-9FBD-43A8-922D-BEBCFFB07BE1}.AppStore|iPhone.Deploy.0 = Debug|Any CPU
		{A426406D-9FBD-43A8-922D-BEBCFFB07BE1}.AppStore|iPhoneSimulator.ActiveCfg = Debug|Any CPU
		{A426406D-9FBD-43A8-922D-BEBCFFB07BE1}.AppStore|iPhoneSimulator.Build.0 = Debug|Any CPU
		{A426406D-9FBD-43A8-922D-BEBCFFB07BE1}.AppStore|iPhoneSimulator.Deploy.0 = Debug|Any CPU
		{A426406D-9FBD-43A8-922D-BEBCFFB07BE1}.AppStore|x64.ActiveCfg = Debug|Any CPU
		{A426406D-9FBD-43A8-922D-BEBCFFB07BE1}.AppStore|x64.Build.0 = Debug|Any CPU
		{A426406D-9FBD-43A8-922D-BEBCFFB07BE1}.AppStore|x64.Deploy.0 = Debug|Any CPU
		{A426406D-9FBD-43A8-922D-BEBCFFB07BE1}.AppStore|x86.ActiveCfg = Debug|Any CPU
		{A426406D-9FBD-43A8-922D-BEBCFFB07BE1}.AppStore|x86.Build.0 = Debug|Any CPU
		{A426406D-9FBD-43A8-922D-BEBCFFB07BE1}.AppStore|x86.Deploy.0 = Debug|Any CPU
		{A426406D-9FBD-43A8-922D-BEBCFFB07BE1}.Debug|Any CPU.ActiveCfg = Debug|Any CPU
		{A426406D-9FBD-43A8-922D-BEBCFFB07BE1}.Debug|Any CPU.Build.0 = Debug|Any CPU
		{A426406D-9FBD-43A8-922D-BEBCFFB07BE1}.Debug|Any CPU.Deploy.0 = Debug|Any CPU
		{A426406D-9FBD-43A8-922D-BEBCFFB07BE1}.Debug|ARM.ActiveCfg = Debug|Any CPU
		{A426406D-9FBD-43A8-922D-BEBCFFB07BE1}.Debug|ARM.Build.0 = Debug|Any CPU
		{A426406D-9FBD-43A8-922D-BEBCFFB07BE1}.Debug|ARM.Deploy.0 = Debug|Any CPU
		{A426406D-9FBD-43A8-922D-BEBCFFB07BE1}.Debug|iPhone.ActiveCfg = Debug|Any CPU
		{A426406D-9FBD-43A8-922D-BEBCFFB07BE1}.Debug|iPhone.Build.0 = Debug|Any CPU
		{A426406D-9FBD-43A8-922D-BEBCFFB07BE1}.Debug|iPhone.Deploy.0 = Debug|Any CPU
		{A426406D-9FBD-43A8-922D-BEBCFFB07BE1}.Debug|iPhoneSimulator.ActiveCfg = Debug|Any CPU
		{A426406D-9FBD-43A8-922D-BEBCFFB07BE1}.Debug|iPhoneSimulator.Build.0 = Debug|Any CPU
		{A426406D-9FBD-43A8-922D-BEBCFFB07BE1}.Debug|iPhoneSimulator.Deploy.0 = Debug|Any CPU
		{A426406D-9FBD-43A8-922D-BEBCFFB07BE1}.Debug|x64.ActiveCfg = Debug|Any CPU
		{A426406D-9FBD-43A8-922D-BEBCFFB07BE1}.Debug|x64.Build.0 = Debug|Any CPU
		{A426406D-9FBD-43A8-922D-BEBCFFB07BE1}.Debug|x64.Deploy.0 = Debug|Any CPU
		{A426406D-9FBD-43A8-922D-BEBCFFB07BE1}.Debug|x86.ActiveCfg = Debug|Any CPU
		{A426406D-9FBD-43A8-922D-BEBCFFB07BE1}.Debug|x86.Build.0 = Debug|Any CPU
		{A426406D-9FBD-43A8-922D-BEBCFFB07BE1}.Debug|x86.Deploy.0 = Debug|Any CPU
		{A426406D-9FBD-43A8-922D-BEBCFFB07BE1}.Release|Any CPU.ActiveCfg = Release|Any CPU
		{A426406D-9FBD-43A8-922D-BEBCFFB07BE1}.Release|Any CPU.Build.0 = Release|Any CPU
		{A426406D-9FBD-43A8-922D-BEBCFFB07BE1}.Release|Any CPU.Deploy.0 = Release|Any CPU
		{A426406D-9FBD-43A8-922D-BEBCFFB07BE1}.Release|ARM.ActiveCfg = Release|Any CPU
		{A426406D-9FBD-43A8-922D-BEBCFFB07BE1}.Release|ARM.Build.0 = Release|Any CPU
		{A426406D-9FBD-43A8-922D-BEBCFFB07BE1}.Release|ARM.Deploy.0 = Release|Any CPU
		{A426406D-9FBD-43A8-922D-BEBCFFB07BE1}.Release|iPhone.ActiveCfg = Release|Any CPU
		{A426406D-9FBD-43A8-922D-BEBCFFB07BE1}.Release|iPhone.Build.0 = Release|Any CPU
		{A426406D-9FBD-43A8-922D-BEBCFFB07BE1}.Release|iPhone.Deploy.0 = Release|Any CPU
		{A426406D-9FBD-43A8-922D-BEBCFFB07BE1}.Release|iPhoneSimulator.ActiveCfg = Release|Any CPU
		{A426406D-9FBD-43A8-922D-BEBCFFB07BE1}.Release|iPhoneSimulator.Build.0 = Release|Any CPU
		{A426406D-9FBD-43A8-922D-BEBCFFB07BE1}.Release|iPhoneSimulator.Deploy.0 = Release|Any CPU
		{A426406D-9FBD-43A8-922D-BEBCFFB07BE1}.Release|x64.ActiveCfg = Release|Any CPU
		{A426406D-9FBD-43A8-922D-BEBCFFB07BE1}.Release|x64.Build.0 = Release|Any CPU
		{A426406D-9FBD-43A8-922D-BEBCFFB07BE1}.Release|x64.Deploy.0 = Release|Any CPU
		{A426406D-9FBD-43A8-922D-BEBCFFB07BE1}.Release|x86.ActiveCfg = Release|Any CPU
		{A426406D-9FBD-43A8-922D-BEBCFFB07BE1}.Release|x86.Build.0 = Release|Any CPU
		{A426406D-9FBD-43A8-922D-BEBCFFB07BE1}.Release|x86.Deploy.0 = Release|Any CPU
	EndGlobalSection
	GlobalSection(SolutionProperties) = preSolution
		HideSolutionNode = FALSE
	EndGlobalSection
	GlobalSection(ExtensibilityGlobals) = postSolution
		SolutionGuid = {C0E1F4BC-D8BD-4DCD-BD01-55C6BD744671}
	EndGlobalSection
EndGlobal
